
Microsoft Visual Studio Solution File, Format Version 12.00
# Visual Studio 15
VisualStudioVersion = 15.0.27130.2010
MinimumVisualStudioVersion = 10.0.40219.1
Project("{9A19103F-16F7-4668-BE54-9A1E7A4F7556}") = "BotService", "BotService\BotService.csproj", "{7255B728-2BA1-474B-A8D5-EFE4CA39BE7E}"
EndProject
Project("{FAE04EC0-301F-11D3-BF4B-00C04F79EFBC}") = "BotService.Interface", "BotService.Interface\BotService.Interface.csproj", "{901AEEEA-8267-4E2A-8CE0-776180EE2D21}"
EndProject
Project("{FAE04EC0-301F-11D3-BF4B-00C04F79EFBC}") = "BotService.Service", "BotService.Service\BotService.Service.csproj", "{86CF033F-6C85-430A-982C-7BFF14E4E939}"
EndProject
Project("{FAE04EC0-301F-11D3-BF4B-00C04F79EFBC}") = "BotService.Infrastructure", "BotService.Infrastructure\BotService.Infrastructure.csproj", "{3E7D4D1A-AE3B-4ABE-93F1-E88B926AEF40}"
EndProject
Project("{FAE04EC0-301F-11D3-BF4B-00C04F79EFBC}") = "BotService.Domain", "BotService.Domain\BotService.Domain.csproj", "{49975BFD-1645-463B-9137-25D869A57CC9}"
EndProject
Global
	GlobalSection(SolutionConfigurationPlatforms) = preSolution
		Debug|Any CPU = Debug|Any CPU
		Release|Any CPU = Release|Any CPU
	EndGlobalSection
	GlobalSection(ProjectConfigurationPlatforms) = postSolution
		{7255B728-2BA1-474B-A8D5-EFE4CA39BE7E}.Debug|Any CPU.ActiveCfg = Debug|Any CPU
		{7255B728-2BA1-474B-A8D5-EFE4CA39BE7E}.Debug|Any CPU.Build.0 = Debug|Any CPU
		{7255B728-2BA1-474B-A8D5-EFE4CA39BE7E}.Release|Any CPU.ActiveCfg = Release|Any CPU
		{7255B728-2BA1-474B-A8D5-EFE4CA39BE7E}.Release|Any CPU.Build.0 = Release|Any CPU
		{901AEEEA-8267-4E2A-8CE0-776180EE2D21}.Debug|Any CPU.ActiveCfg = Debug|Any CPU
		{901AEEEA-8267-4E2A-8CE0-776180EE2D21}.Debug|Any CPU.Build.0 = Debug|Any CPU
		{901AEEEA-8267-4E2A-8CE0-776180EE2D21}.Release|Any CPU.ActiveCfg = Release|Any CPU
		{901AEEEA-8267-4E2A-8CE0-776180EE2D21}.Release|Any CPU.Build.0 = Release|Any CPU
		{86CF033F-6C85-430A-982C-7BFF14E4E939}.Debug|Any CPU.ActiveCfg = Debug|Any CPU
		{86CF033F-6C85-430A-982C-7BFF14E4E939}.Debug|Any CPU.Build.0 = Debug|Any CPU
		{86CF033F-6C85-430A-982C-7BFF14E4E939}.Release|Any CPU.ActiveCfg = Release|Any CPU
		{86CF033F-6C85-430A-982C-7BFF14E4E939}.Release|Any CPU.Build.0 = Release|Any CPU
		{3E7D4D1A-AE3B-4ABE-93F1-E88B926AEF40}.Debug|Any CPU.ActiveCfg = Debug|Any CPU
		{3E7D4D1A-AE3B-4ABE-93F1-E88B926AEF40}.Debug|Any CPU.Build.0 = Debug|Any CPU
		{3E7D4D1A-AE3B-4ABE-93F1-E88B926AEF40}.Release|Any CPU.ActiveCfg = Release|Any CPU
		{3E7D4D1A-AE3B-4ABE-93F1-E88B926AEF40}.Release|Any CPU.Build.0 = Release|Any CPU
		{49975BFD-1645-463B-9137-25D869A57CC9}.Debug|Any CPU.ActiveCfg = Debug|Any CPU
		{49975BFD-1645-463B-9137-25D869A57CC9}.Debug|Any CPU.Build.0 = Debug|Any CPU
		{49975BFD-1645-463B-9137-25D869A57CC9}.Release|Any CPU.ActiveCfg = Release|Any CPU
		{49975BFD-1645-463B-9137-25D869A57CC9}.Release|Any CPU.Build.0 = Release|Any CPU
	EndGlobalSection
	GlobalSection(SolutionProperties) = preSolution
		HideSolutionNode = FALSE
	EndGlobalSection
	GlobalSection(ExtensibilityGlobals) = postSolution
		SolutionGuid = {FBB3D20D-59F2-410F-8C74-1593F7AFF515}
	EndGlobalSection
EndGlobal
